
Microsoft Visual Studio Solution File, Format Version 12.00
# Visual Studio Version 17
VisualStudioVersion = 17.9.34728.123
MinimumVisualStudioVersion = 10.0.40219.1
Project("{FAE04EC0-301F-11D3-BF4B-00C04F79EFBC}") = "Evaluation_sommative_UA_3", "Evaluation_sommative_UA_3\Evaluation_sommative_UA_3.csproj", "{0BE9AB8D-ED0A-4F81-AEDF-EDCBDCB3AA7F}"
EndProject
Global
	GlobalSection(SolutionConfigurationPlatforms) = preSolution
		Debug|Any CPU = Debug|Any CPU
		Release|Any CPU = Release|Any CPU
	EndGlobalSection
	GlobalSection(ProjectConfigurationPlatforms) = postSolution
		{0BE9AB8D-ED0A-4F81-AEDF-EDCBDCB3AA7F}.Debug|Any CPU.ActiveCfg = Debug|Any CPU
		{0BE9AB8D-ED0A-4F81-AEDF-EDCBDCB3AA7F}.Debug|Any CPU.Build.0 = Debug|Any CPU
		{0BE9AB8D-ED0A-4F81-AEDF-EDCBDCB3AA7F}.Release|Any CPU.ActiveCfg = Release|Any CPU
		{0BE9AB8D-ED0A-4F81-AEDF-EDCBDCB3AA7F}.Release|Any CPU.Build.0 = Release|Any CPU
	EndGlobalSection
	GlobalSection(SolutionProperties) = preSolution
		HideSolutionNode = FALSE
	EndGlobalSection
	GlobalSection(ExtensibilityGlobals) = postSolution
		SolutionGuid = {0E6C0FE4-51F7-4AE5-B586-7695015BE942}
	EndGlobalSection
EndGlobal
